github.com/quartercastle/vector v0.2.0 h1:qpVsHi7S624B/NrUl6Osfs6F25kKaZJI+gteUIdLQ6g=
github.com/quartercastle/vector v0.2.0/go.mod h1:jRB+p+Bk9qkkZHC72+N6fztVgih6kYslX0vk+3dL5V4=
github.com/sergeymakinen/go-bmp v1.0.0 h1:SdGTzp9WvCV0A1V0mBeaS7kQAwNLdVJbmHlqNWq0R+M=
github.com/sergeymakinen/go-bmp v1.0.0/go.mod h1:/mxlAQZRLxSvJFNIEGGLBE/m40f3ZnUifpgVDlcUIEY=
